
Microsoft Visual Studio Solution File, Format Version 12.00
# Visual Studio 14
VisualStudioVersion = 14.0.25420.1
MinimumVisualStudioVersion = 10.0.40219.1
Project("{FAE04EC0-301F-11D3-BF4B-00C04F79EFBC}") = "ConverttoWords", "ConverttoWords\ConverttoWords.csproj", "{2B7DB309-E884-41AC-ACE5-A049B69FF353}"
EndProject
Project("{FAE04EC0-301F-11D3-BF4B-00C04F79EFBC}") = "ConverttoWordsTests1", "ConverttoWordsTests1\ConverttoWordsTests1.csproj", "{830F4671-D67E-45A8-85BA-AB91CC931B98}"
EndProject
Global
	GlobalSection(SolutionConfigurationPlatforms) = preSolution
		Debug|Any CPU = Debug|Any CPU
		Release|Any CPU = Release|Any CPU
	EndGlobalSection
	GlobalSection(ProjectConfigurationPlatforms) = postSolution
		{2B7DB309-E884-41AC-ACE5-A049B69FF353}.Debug|Any CPU.ActiveCfg = Debug|Any CPU
		{2B7DB309-E884-41AC-ACE5-A049B69FF353}.Debug|Any CPU.Build.0 = Debug|Any CPU
		{2B7DB309-E884-41AC-ACE5-A049B69FF353}.Release|Any CPU.ActiveCfg = Release|Any CPU
		{2B7DB309-E884-41AC-ACE5-A049B69FF353}.Release|Any CPU.Build.0 = Release|Any CPU
		{830F4671-D67E-45A8-85BA-AB91CC931B98}.Debug|Any CPU.ActiveCfg = Debug|Any CPU
		{830F4671-D67E-45A8-85BA-AB91CC931B98}.Debug|Any CPU.Build.0 = Debug|Any CPU
		{830F4671-D67E-45A8-85BA-AB91CC931B98}.Release|Any CPU.ActiveCfg = Release|Any CPU
		{830F4671-D67E-45A8-85BA-AB91CC931B98}.Release|Any CPU.Build.0 = Release|Any CPU
	EndGlobalSection
	GlobalSection(SolutionProperties) = preSolution
		HideSolutionNode = FALSE
	EndGlobalSection
EndGlobal
